
Microsoft Visual Studio Solution File, Format Version 12.00
# Visual Studio Version 17
VisualStudioVersion = 17.3.32901.215
MinimumVisualStudioVersion = 10.0.40219.1
Project("{2150E333-8FDC-42A3-9474-1A3956D46DE8}") = "Tests", "Tests", "{B0693C48-FB35-4EE5-9BFE-0C4EB9165B6C}"
EndProject
Project("{2150E333-8FDC-42A3-9474-1A3956D46DE8}") = "Infrostructure", "Infrostructure", "{6F79D61E-159E-48EB-A489-970A1C4A772E}"
EndProject
Project("{2150E333-8FDC-42A3-9474-1A3956D46DE8}") = "Presentation", "Presentation", "{51392946-0555-4121-98F4-CFFFEFC819BD}"
EndProject
Project("{2150E333-8FDC-42A3-9474-1A3956D46DE8}") = "Core", "Core", "{844C1F4F-9D6E-492D-A030-2EB07F175297}"
EndProject
Project("{9A19103F-16F7-4668-BE54-9A1E7A4F7556}") = "Notes.Domain", "Notes.Domain\Notes.Domain.csproj", "{292DFFDE-56C7-4576-A1A8-74BE735381B4}"
EndProject
Project("{FAE04EC0-301F-11D3-BF4B-00C04F79EFBC}") = "Notes.Application", "Notes.Application\Notes.Application.csproj", "{4B6CB08D-EB2F-4A46-9F62-2CB12ABE7FEB}"
EndProject
Project("{FAE04EC0-301F-11D3-BF4B-00C04F79EFBC}") = "Notes.Persistence", "Notes.Persistence\Notes.Persistence.csproj", "{4D12288A-7941-4718-9BA8-F9562D152893}"
EndProject
Project("{FAE04EC0-301F-11D3-BF4B-00C04F79EFBC}") = "Notes.WebApi", "Notes.WebApi\Notes.WebApi.csproj", "{3674FD8A-4493-47E4-B94B-EEE072BC7299}"
EndProject
Global
	GlobalSection(SolutionConfigurationPlatforms) = preSolution
		Debug|Any CPU = Debug|Any CPU
		Release|Any CPU = Release|Any CPU
	EndGlobalSection
	GlobalSection(ProjectConfigurationPlatforms) = postSolution
		{292DFFDE-56C7-4576-A1A8-74BE735381B4}.Debug|Any CPU.ActiveCfg = Debug|Any CPU
		{292DFFDE-56C7-4576-A1A8-74BE735381B4}.Debug|Any CPU.Build.0 = Debug|Any CPU
		{292DFFDE-56C7-4576-A1A8-74BE735381B4}.Release|Any CPU.ActiveCfg = Release|Any CPU
		{292DFFDE-56C7-4576-A1A8-74BE735381B4}.Release|Any CPU.Build.0 = Release|Any CPU
		{4B6CB08D-EB2F-4A46-9F62-2CB12ABE7FEB}.Debug|Any CPU.ActiveCfg = Debug|Any CPU
		{4B6CB08D-EB2F-4A46-9F62-2CB12ABE7FEB}.Debug|Any CPU.Build.0 = Debug|Any CPU
		{4B6CB08D-EB2F-4A46-9F62-2CB12ABE7FEB}.Release|Any CPU.ActiveCfg = Release|Any CPU
		{4B6CB08D-EB2F-4A46-9F62-2CB12ABE7FEB}.Release|Any CPU.Build.0 = Release|Any CPU
		{4D12288A-7941-4718-9BA8-F9562D152893}.Debug|Any CPU.ActiveCfg = Debug|Any CPU
		{4D12288A-7941-4718-9BA8-F9562D152893}.Debug|Any CPU.Build.0 = Debug|Any CPU
		{4D12288A-7941-4718-9BA8-F9562D152893}.Release|Any CPU.ActiveCfg = Release|Any CPU
		{4D12288A-7941-4718-9BA8-F9562D152893}.Release|Any CPU.Build.0 = Release|Any CPU
		{3674FD8A-4493-47E4-B94B-EEE072BC7299}.Debug|Any CPU.ActiveCfg = Debug|Any CPU
		{3674FD8A-4493-47E4-B94B-EEE072BC7299}.Debug|Any CPU.Build.0 = Debug|Any CPU
		{3674FD8A-4493-47E4-B94B-EEE072BC7299}.Release|Any CPU.ActiveCfg = Release|Any CPU
		{3674FD8A-4493-47E4-B94B-EEE072BC7299}.Release|Any CPU.Build.0 = Release|Any CPU
	EndGlobalSection
	GlobalSection(SolutionProperties) = preSolution
		HideSolutionNode = FALSE
	EndGlobalSection
	GlobalSection(NestedProjects) = preSolution
		{292DFFDE-56C7-4576-A1A8-74BE735381B4} = {844C1F4F-9D6E-492D-A030-2EB07F175297}
		{4B6CB08D-EB2F-4A46-9F62-2CB12ABE7FEB} = {844C1F4F-9D6E-492D-A030-2EB07F175297}
		{4D12288A-7941-4718-9BA8-F9562D152893} = {6F79D61E-159E-48EB-A489-970A1C4A772E}
		{3674FD8A-4493-47E4-B94B-EEE072BC7299} = {51392946-0555-4121-98F4-CFFFEFC819BD}
	EndGlobalSection
	GlobalSection(ExtensibilityGlobals) = postSolution
		SolutionGuid = {1CC23139-BD54-441A-9C9B-860B3082E507}
	EndGlobalSection
EndGlobal
